hash: 32c6b7eab2400a34a559c4898ee79000424f81fa6b80de2c8b22489b5978d2a9
updated: 2018-11-09T18:34:20.199031462+08:00
imports:
- name: github.com/chenjiajun1207/GameServer
  version: 0989b9af8cd10fc1af4b3707e51b73af506228fc
  subpackages:
  - Log
  - Network/Acceptor
  - Network/Protocol
  - Network/Tools
  - Network/Usedata
- name: github.com/go-stack/stack
  version: 2fee6af1a9795aafbe0253a0cfbdf668e1fb8a9a
- name: github.com/mattn/go-colorable
  version: efa589957cd060542a26d2dd7832fd6a6c6c3ade
- name: github.com/mattn/go-isatty
  version: 3fb116b820352b7f0c281308a4d6250c22d94e27
- name: golang.org/x/sys
  version: 66b7b1311ac80bbafcd2daeef9a5e6e2cd1e2399
  subpackages:
  - unix
- name: gopkg.in/check.v1
  version: 788fd78401277ebd861206a03c884797c6ec5541
testImports:
- name: github.com/kr/pretty
  version: 73f6ac0b30a98e433b289500d779f50c1a6f0712
- name: github.com/kr/text
  version: e2ffdb16a802fe2bb95e2e35ff34f0e53aeef34f
